
Microsoft Visual Studio Solution File, Format Version 12.00
# Visual Studio Version 17
VisualStudioVersion = 17.0.32014.148
MinimumVisualStudioVersion = 10.0.40219.1
Project("{9A19103F-16F7-4668-BE54-9A1E7A4F7556}") = "PSC.Blazor.Components.MarkdownEditor", "PSC.Blazor.Components.MarkdownEditor\PSC.Blazor.Components.MarkdownEditor.csproj", "{6F56954A-A45C-432C-9F63-699D15042667}"
EndProject
Project("{9A19103F-16F7-4668-BE54-9A1E7A4F7556}") = "MarkdownEditorDemo", "MarkdownEditorDemo\MarkdownEditorDemo.csproj", "{4A71D48E-5A73-49F6-B813-2919DB84DC29}"
EndProject
Project("{FAE04EC0-301F-11D3-BF4B-00C04F79EFBC}") = "MarkdownEditorDemo.Api", "MarkdownEditorDemo.Api\MarkdownEditorDemo.Api.csproj", "{9771B329-8344-4839-81D5-78B9F9AA79F4}"
EndProject
Global
	GlobalSection(SolutionConfigurationPlatforms) = preSolution
		Debug|Any CPU = Debug|Any CPU
		Release|Any CPU = Release|Any CPU
	EndGlobalSection
	GlobalSection(ProjectConfigurationPlatforms) = postSolution
		{6F56954A-A45C-432C-9F63-699D15042667}.Debug|Any CPU.ActiveCfg = Debug|Any CPU
		{6F56954A-A45C-432C-9F63-699D15042667}.Debug|Any CPU.Build.0 = Debug|Any CPU
		{6F56954A-A45C-432C-9F63-699D15042667}.Release|Any CPU.ActiveCfg = Release|Any CPU
		{6F56954A-A45C-432C-9F63-699D15042667}.Release|Any CPU.Build.0 = Release|Any CPU
		{4A71D48E-5A73-49F6-B813-2919DB84DC29}.Debug|Any CPU.ActiveCfg = Debug|Any CPU
		{4A71D48E-5A73-49F6-B813-2919DB84DC29}.Debug|Any CPU.Build.0 = Debug|Any CPU
		{4A71D48E-5A73-49F6-B813-2919DB84DC29}.Release|Any CPU.ActiveCfg = Release|Any CPU
		{4A71D48E-5A73-49F6-B813-2919DB84DC29}.Release|Any CPU.Build.0 = Release|Any CPU
		{9771B329-8344-4839-81D5-78B9F9AA79F4}.Debug|Any CPU.ActiveCfg = Debug|Any CPU
		{9771B329-8344-4839-81D5-78B9F9AA79F4}.Debug|Any CPU.Build.0 = Debug|Any CPU
		{9771B329-8344-4839-81D5-78B9F9AA79F4}.Release|Any CPU.ActiveCfg = Release|Any CPU
		{9771B329-8344-4839-81D5-78B9F9AA79F4}.Release|Any CPU.Build.0 = Release|Any CPU
	EndGlobalSection
	GlobalSection(SolutionProperties) = preSolution
		HideSolutionNode = FALSE
	EndGlobalSection
	GlobalSection(ExtensibilityGlobals) = postSolution
		SolutionGuid = {4C33C60C-1EBA-491A-A02D-4F71AED0FF89}
	EndGlobalSection
EndGlobal
